// !$*UTF8*$!
{
	archiveVersion = 1;
	classes = {
	};
	objectVersion = 55;
	objects = {

/* Begin PBXBuildFile section */
		7B14C011278B5762009D567D /* Home.swift in Sources */ = {isa = PBXBuildFile; fileRef = 7B14C010278B5762009D567D /* Home.swift */; };
		7B14C013278B5762009D567D /* DashboardView.swift in Sources */ = {isa = PBXBuildFile; fileRef = 7B14C012278B5762009D567D /* DashboardView.swift */; };
		7B14C015278B5764009D567D /* Assets.xcassets in Resources */ = {isa = PBXBuildFile; fileRef = 7B14C014278B5764009D567D /* Assets.xcassets */; };
		7B14C018278B5764009D567D /* Preview Assets.xcassets in Resources */ = {isa = PBXBuildFile; fileRef = 7B14C017278B5764009D567D /* Preview Assets.xcassets */; };
		7B14C01F278B5A08009D567D /* InfoView.swift in Sources */ = {isa = PBXBuildFile; fileRef = 7B14C01E278B5A08009D567D /* InfoView.swift */; };
		7B14C021278B5DCE009D567D /* Model.swift in Sources */ = {isa = PBXBuildFile; fileRef = 7B14C020278B5DCE009D567D /* Model.swift */; };
		7B14C025278B5E88009D567D /* Controller.swift in Sources */ = {isa = PBXBuildFile; fileRef = 7B14C024278B5E88009D567D /* Controller.swift */; };
		7B14C027278B601E009D567D /* Helper.swift in Sources */ = {isa = PBXBuildFile; fileRef = 7B14C026278B601E009D567D /* Helper.swift */; };
		7B2DF7BB279474EF00F89F20 /* Extension+Date.swift in Sources */ = {isa = PBXBuildFile; fileRef = 7B2DF7BA279474EF00F89F20 /* Extension+Date.swift */; };
		7BE7B603279C527500F66872 /* SwiftUICharts in Frameworks */ = {isa = PBXBuildFile; productRef = 7BE7B602279C527500F66872 /* SwiftUICharts */; };
		7BE7B607279DBC7D00F66872 /* Extension+Numeric.swift in Sources */ = {isa = PBXBuildFile; fileRef = 7BE7B606279DBC7D00F66872 /* Extension+Numeric.swift */; };
/* End PBXBuildFile section */

/* Begin PBXFileReference section */
		7B14C00D278B5762009D567D /* UK Covid Data.app */ = {isa = PBXFileReference; explicitFileType = wrapper.application; includeInIndex = 0; path = "UK Covid Data.app"; sourceTree = BUILT_PRODUCTS_DIR; };
		7B14C010278B5762009D567D /* Home.swift */ = {isa = PBXFileReference; lastKnownFileType = sourcecode.swift; path = Home.swift; sourceTree = "<group>"; };
		7B14C012278B5762009D567D /* DashboardView.swift */ = {isa = PBXFileReference; lastKnownFileType = sourcecode.swift; path = DashboardView.swift; sourceTree = "<group>"; };
		7B14C014278B5764009D567D /* Assets.xcassets */ = {isa = PBXFileReference; lastKnownFileType = folder.assetcatalog; path = Assets.xcassets; sourceTree = "<group>"; };
		7B14C017278B5764009D567D /* Preview Assets.xcassets */ = {isa = PBXFileReference; lastKnownFileType = folder.assetcatalog; path = "Preview Assets.xcassets"; sourceTree = "<group>"; };
		7B14C01E278B5A08009D567D /* InfoView.swift */ = {isa = PBXFileReference; lastKnownFileType = sourcecode.swift; path = InfoView.swift; sourceTree = "<group>"; };
		7B14C020278B5DCE009D567D /* Model.swift */ = {isa = PBXFileReference; lastKnownFileType = sourcecode.swift; path = Model.swift; sourceTree = "<group>"; };
		7B14C024278B5E88009D567D /* Controller.swift */ = {isa = PBXFileReference; lastKnownFileType = sourcecode.swift; path = Controller.swift; sourceTree = "<group>"; };
		7B14C026278B601E009D567D /* Helper.swift */ = {isa = PBXFileReference; lastKnownFileType = sourcecode.swift; path = Helper.swift; sourceTree = "<group>"; };
		7B2DF7BA279474EF00F89F20 /* Extension+Date.swift */ = {isa = PBXFileReference; lastKnownFileType = sourcecode.swift; path = "Extension+Date.swift"; sourceTree = "<group>"; };
		7BE7B606279DBC7D00F66872 /* Extension+Numeric.swift */ = {isa = PBXFileReference; fileEncoding = 4; lastKnownFileType = sourcecode.swift; path = "Extension+Numeric.swift"; sourceTree = "<group>"; };
		7BE7B60B279E047700F66872 /* README.md */ = {isa = PBXFileReference; lastKnownFileType = net.daringfireball.markdown; path = README.md; sourceTree = "<group>"; };
		7BFB1518279C513D00A557C4 /* ChartView */ = {isa = PBXFileReference; lastKnownFileType = wrapper; path = ChartView; sourceTree = "<group>"; };
/* End PBXFileReference section */

/* Begin PBXFrameworksBuildPhase section */
		7B14C00A278B5762009D567D /* Frameworks */ = {
			isa = PBXFrameworksBuildPhase;
			buildActionMask = 2147483647;
			files = (
				7BE7B603279C527500F66872 /* SwiftUICharts in Frameworks */,
			);
			runOnlyForDeploymentPostprocessing = 0;
		};
/* End PBXFrameworksBuildPhase section */

/* Begin PBXGroup section */
		7B14C004278B5762009D567D = {
			isa = PBXGroup;
			children = (
				7BE7B60B279E047700F66872 /* README.md */,
				7BFB1517279C513D00A557C4 /* Packages */,
				7B14C00F278B5762009D567D /* UK Covid Data */,
				7B14C00E278B5762009D567D /* Products */,
				7B24D266279A0C25007308FD /* Frameworks */,
			);
			sourceTree = "<group>";
		};
		7B14C00E278B5762009D567D /* Products */ = {
			isa = PBXGroup;
			children = (
				7B14C00D278B5762009D567D /* UK Covid Data.app */,
			);
			name = Products;
			sourceTree = "<group>";
		};
		7B14C00F278B5762009D567D /* UK Covid Data */ = {
			isa = PBXGroup;
			children = (
				7B2DF7C027948E4E00F89F20 /* Controllers */,
				7B2DF7BC2794750100F89F20 /* Extensions */,
				7B2DF7C127948E5B00F89F20 /* Helpers */,
				7B2DF7BF27948E4400F89F20 /* Model */,
				7B2DF7BD2794751B00F89F20 /* View */,
				7B14C014278B5764009D567D /* Assets.xcassets */,
				7B14C016278B5764009D567D /* Preview Content */,
			);
			path = "UK Covid Data";
			sourceTree = "<group>";
		};
		7B14C016278B5764009D567D /* Preview Content */ = {
			isa = PBXGroup;
			children = (
				7B14C017278B5764009D567D /* Preview Assets.xcassets */,
			);
			path = "Preview Content";
			sourceTree = "<group>";
		};
		7B24D266279A0C25007308FD /* Frameworks */ = {
			isa = PBXGroup;
			children = (
			);
			name = Frameworks;
			sourceTree = "<group>";
		};
		7B2DF7BC2794750100F89F20 /* Extensions */ = {
			isa = PBXGroup;
			children = (
				7B2DF7BA279474EF00F89F20 /* Extension+Date.swift */,
				7BE7B606279DBC7D00F66872 /* Extension+Numeric.swift */,
			);
			path = Extensions;
			sourceTree = "<group>";
		};
		7B2DF7BD2794751B00F89F20 /* View */ = {
			isa = PBXGroup;
			children = (
				7B14C010278B5762009D567D /* Home.swift */,
				7B14C012278B5762009D567D /* DashboardView.swift */,
				7B14C01E278B5A08009D567D /* InfoView.swift */,
			);
			path = View;
			sourceTree = "<group>";
		};
		7B2DF7BF27948E4400F89F20 /* Model */ = {
			isa = PBXGroup;
			children = (
				7B14C020278B5DCE009D567D /* Model.swift */,
			);
			path = Model;
			sourceTree = "<group>";
		};
		7B2DF7C027948E4E00F89F20 /* Controllers */ = {
			isa = PBXGroup;
			children = (
				7B14C024278B5E88009D567D /* Controller.swift */,
			);
			path = Controllers;
			sourceTree = "<group>";
		};
		7B2DF7C127948E5B00F89F20 /* Helpers */ = {
			isa = PBXGroup;
			children = (
				7B14C026278B601E009D567D /* Helper.swift */,
			);
			path = Helpers;
			sourceTree = "<group>";
		};
		7BFB1517279C513D00A557C4 /* Packages */ = {
			isa = PBXGroup;
			children = (
				7BFB1518279C513D00A557C4 /* ChartView */,
			);
			name = Packages;
			sourceTree = "<group>";
		};
/* End PBXGroup section */

/* Begin PBXNativeTarget section */
		7B14C00C278B5762009D567D /* UK Covid Data */ = {
			isa = PBXNativeTarget;
			buildConfigurationList = 7B14C01B278B5764009D567D /* Build configuration list for PBXNativeTarget "UK Covid Data" */;
			buildPhases = (
				7BE7B60A279E031D00F66872 /* Run Swiftlint */,
				7B14C009278B5762009D567D /* Sources */,
				7B14C00A278B5762009D567D /* Frameworks */,
				7B14C00B278B5762009D567D /* Resources */,
			);
			buildRules = (
			);
			dependencies = (
			);
			name = "UK Covid Data";
			packageProductDependencies = (
				7BE7B602279C527500F66872 /* SwiftUICharts */,
			);
			productName = "UK Covid Data";
			productReference = 7B14C00D278B5762009D567D /* UK Covid Data.app */;
			productType = "com.apple.product-type.application";
		};
/* End PBXNativeTarget section */

/* Begin PBXProject section */
		7B14C005278B5762009D567D /* Project object */ = {
			isa = PBXProject;
			attributes = {
				BuildIndependentTargetsInParallel = 1;
				LastSwiftUpdateCheck = 1320;
				LastUpgradeCheck = 1320;
				TargetAttributes = {
					7B14C00C278B5762009D567D = {
						CreatedOnToolsVersion = 13.2;
					};
				};
			};
			buildConfigurationList = 7B14C008278B5762009D567D /* Build configuration list for PBXProject "UK Covid Data" */;
			compatibilityVersion = "Xcode 13.0";
			developmentRegion = en;
			hasScannedForEncodings = 0;
			knownRegions = (
				en,
				Base,
			);
			mainGroup = 7B14C004278B5762009D567D;
			packageReferences = (
			);
			productRefGroup = 7B14C00E278B5762009D567D /* Products */;
			projectDirPath = "";
			projectRoot = "";
			targets = (
				7B14C00C278B5762009D567D /* UK Covid Data */,
			);
		};
/* End PBXProject section */

/* Begin PBXResourcesBuildPhase section */
		7B14C00B278B5762009D567D /* Resources */ = {
			isa = PBXResourcesBuildPhase;
			buildActionMask = 2147483647;
			files = (
				7B14C018278B5764009D567D /* Preview Assets.xcassets in Resources */,
				7B14C015278B5764009D567D /* Assets.xcassets in Resources */,
			);
			runOnlyForDeploymentPostprocessing = 0;
		};
/* End PBXResourcesBuildPhase section */

/* Begin PBXShellScriptBuildPhase section */
		7BE7B60A279E031D00F66872 /* Run Swiftlint */ = {
			isa = PBXShellScriptBuildPhase;
			buildActionMask = 2147483647;
			files = (
			);
			inputFileListPaths = (
			);
			inputPaths = (
			);
			name = "Run Swiftlint";
			outputFileListPaths = (
			);
			outputPaths = (
			);
			runOnlyForDeploymentPostprocessing = 0;
			shellPath = /bin/sh;
			shellScript = "if [ \"${CONFIGURATION}\" = \"Debug\" ]; then\nif which swiftlint >/dev/null; then\nswiftlint --config \"$SRCROOT/.swiftlint.yml\"\nelse\necho \"warning: SwiftLint not installed, download from https://github.com/realm/SwiftLint\"\nfi\nfi\n";
		};
/* End PBXShellScriptBuildPhase section */

/* Begin PBXSourcesBuildPhase section */
		7B14C009278B5762009D567D /* Sources */ = {
			isa = PBXSourcesBuildPhase;
			buildActionMask = 2147483647;
			files = (
				7B14C025278B5E88009D567D /* Controller.swift in Sources */,
				7B2DF7BB279474EF00F89F20 /* Extension+Date.swift in Sources */,
				7B14C01F278B5A08009D567D /* InfoView.swift in Sources */,
				7B14C013278B5762009D567D /* DashboardView.swift in Sources */,
				7B14C011278B5762009D567D /* Home.swift in Sources */,
				7BE7B607279DBC7D00F66872 /* Extension+Numeric.swift in Sources */,
				7B14C021278B5DCE009D567D /* Model.swift in Sources */,
				7B14C027278B601E009D567D /* Helper.swift in Sources */,
			);
			runOnlyForDeploymentPostprocessing = 0;
		};
/* End PBXSourcesBuildPhase section */

/* Begin XCBuildConfiguration section */
		7B14C019278B5764009D567D /* Debug */ = {
			isa = XCBuildConfiguration;
			buildSettings = {
				ALWAYS_SEARCH_USER_PATHS = NO;
				CLANG_ANALYZER_NONNULL = YES;
				CLANG_ANALYZER_NUMBER_OBJECT_CONVERSION = YES_AGGRESSIVE;
				CLANG_CXX_LANGUAGE_STANDARD = "gnu++17";
				CLANG_CXX_LIBRARY = "libc++";
				CLANG_ENABLE_MODULES = YES;
				CLANG_ENABLE_OBJC_ARC = YES;
				CLANG_ENABLE_OBJC_WEAK = YES;
				CLANG_WARN_BLOCK_CAPTURE_AUTORELEASING = YES;
				CLANG_WARN_BOOL_CONVERSION = YES;
				CLANG_WARN_COMMA = YES;
				CLANG_WARN_CONSTANT_CONVERSION = YES;
				CLANG_WARN_DEPRECATED_OBJC_IMPLEMENTATIONS = YES;
				CLANG_WARN_DIRECT_OBJC_ISA_USAGE = YES_ERROR;
				CLANG_WARN_DOCUMENTATION_COMMENTS = YES;
				CLANG_WARN_EMPTY_BODY = YES;
				CLANG_WARN_ENUM_CONVERSION = YES;
				CLANG_WARN_INFINITE_RECURSION = YES;
				CLANG_WARN_INT_CONVERSION = YES;
				CLANG_WARN_NON_LITERAL_NULL_CONVERSION = YES;
				CLANG_WARN_OBJC_IMPLICIT_RETAIN_SELF = YES;
				CLANG_WARN_OBJC_LITERAL_CONVERSION = YES;
				CLANG_WARN_OBJC_ROOT_CLASS = YES_ERROR;
				CLANG_WARN_QUOTED_INCLUDE_IN_FRAMEWORK_HEADER = YES;
				CLANG_WARN_RANGE_LOOP_ANALYSIS = YES;
				CLANG_WARN_STRICT_PROTOTYPES = YES;
				CLANG_WARN_SUSPICIOUS_MOVE = YES;
				CLANG_WARN_UNGUARDED_AVAILABILITY = YES_AGGRESSIVE;
				CLANG_WARN_UNREACHABLE_CODE = YES;
				CLANG_WARN__DUPLICATE_METHOD_MATCH = YES;
				COPY_PHASE_STRIP = NO;
				DEBUG_INFORMATION_FORMAT = dwarf;
				ENABLE_STRICT_OBJC_MSGSEND = YES;
				ENABLE_TESTABILITY = YES;
				GCC_C_LANGUAGE_STANDARD = gnu11;
				GCC_DYNAMIC_NO_PIC = NO;
				GCC_NO_COMMON_BLOCKS = YES;
				GCC_OPTIMIZATION_LEVEL = 0;
				GCC_PREPROCESSOR_DEFINITIONS = (
					"DEBUG=1",
					"$(inherited)",
				);
				GCC_WARN_64_TO_32_BIT_CONVERSION = YES;
				GCC_WARN_ABOUT_RETURN_TYPE = YES_ERROR;
				GCC_WARN_UNDECLARED_SELECTOR = YES;
				GCC_WARN_UNINITIALIZED_AUTOS = YES_AGGRESSIVE;
				GCC_WARN_UNUSED_FUNCTION = YES;
				GCC_WARN_UNUSED_VARIABLE = YES;
				IPHONEOS_DEPLOYMENT_TARGET = 14.5;
				MTL_ENABLE_DEBUG_INFO = INCLUDE_SOURCE;
				MTL_FAST_MATH = YES;
				ONLY_ACTIVE_ARCH = YES;
				SDKROOT = iphoneos;
				SWIFT_ACTIVE_COMPILATION_CONDITIONS = DEBUG;
				SWIFT_OPTIMIZATION_LEVEL = "-Onone";
			};
			name = Debug;
		};
		7B14C01A278B5764009D567D /* Release */ = {
			isa = XCBuildConfiguration;
			buildSettings = {
				ALWAYS_SEARCH_USER_PATHS = NO;
				CLANG_ANALYZER_NONNULL = YES;
				CLANG_ANALYZER_NUMBER_OBJECT_CONVERSION = YES_AGGRESSIVE;
				CLANG_CXX_LANGUAGE_STANDARD = "gnu++17";
				CLANG_CXX_LIBRARY = "libc++";
				CLANG_ENABLE_MODULES = YES;
				CLANG_ENABLE_OBJC_ARC = YES;
				CLANG_ENABLE_OBJC_WEAK = YES;
				CLANG_WARN_BLOCK_CAPTURE_AUTORELEASING = YES;
				CLANG_WARN_BOOL_CONVERSION = YES;
				CLANG_WARN_COMMA = YES;
				CLANG_WARN_CONSTANT_CONVERSION = YES;
				CLANG_WARN_DEPRECATED_OBJC_IMPLEMENTATIONS = YES;
				CLANG_WARN_DIRECT_OBJC_ISA_USAGE = YES_ERROR;
				CLANG_WARN_DOCUMENTATION_COMMENTS = YES;
				CLANG_WARN_EMPTY_BODY = YES;
				CLANG_WARN_ENUM_CONVERSION = YES;
				CLANG_WARN_INFINITE_RECURSION = YES;
				CLANG_WARN_INT_CONVERSION = YES;
				CLANG_WARN_NON_LITERAL_NULL_CONVERSION = YES;
				CLANG_WARN_OBJC_IMPLICIT_RETAIN_SELF = YES;
				CLANG_WARN_OBJC_LITERAL_CONVERSION = YES;
				CLANG_WARN_OBJC_ROOT_CLASS = YES_ERROR;
				CLANG_WARN_QUOTED_INCLUDE_IN_FRAMEWORK_HEADER = YES;
				CLANG_WARN_RANGE_LOOP_ANALYSIS = YES;
				CLANG_WARN_STRICT_PROTOTYPES = YES;
				CLANG_WARN_SUSPICIOUS_MOVE = YES;
				CLANG_WARN_UNGUARDED_AVAILABILITY = YES_AGGRESSIVE;
				CLANG_WARN_UNREACHABLE_CODE = YES;
				CLANG_WARN__DUPLICATE_METHOD_MATCH = YES;
				COPY_PHASE_STRIP = NO;
				DEBUG_INFORMATION_FORMAT = "dwarf-with-dsym";
				ENABLE_NS_ASSERTIONS = NO;
				ENABLE_STRICT_OBJC_MSGSEND = YES;
				GCC_C_LANGUAGE_STANDARD = gnu11;
				GCC_NO_COMMON_BLOCKS = YES;
				GCC_WARN_64_TO_32_BIT_CONVERSION = YES;
				GCC_WARN_ABOUT_RETURN_TYPE = YES_ERROR;
				GCC_WARN_UNDECLARED_SELECTOR = YES;
				GCC_WARN_UNINITIALIZED_AUTOS = YES_AGGRESSIVE;
				GCC_WARN_UNUSED_FUNCTION = YES;
				GCC_WARN_UNUSED_VARIABLE = YES;
				IPHONEOS_DEPLOYMENT_TARGET = 14.5;
				MTL_ENABLE_DEBUG_INFO = NO;
				MTL_FAST_MATH = YES;
				SDKROOT = iphoneos;
				SWIFT_COMPILATION_MODE = wholemodule;
				SWIFT_OPTIMIZATION_LEVEL = "-O";
				VALIDATE_PRODUCT = YES;
			};
			name = Release;
		};
		7B14C01C278B5764009D567D /* Debug */ = {
			isa = XCBuildConfiguration;
			buildSettings = {
				ASSETCATALOG_COMPILER_APPICON_NAME = AppIcon;
				ASSETCATALOG_COMPILER_GLOBAL_ACCENT_COLOR_NAME = AccentColor;
				CODE_SIGN_STYLE = Automatic;
				CURRENT_PROJECT_VERSION = 1;
				DEVELOPMENT_ASSET_PATHS = "\"UK Covid Data/Preview Content\"";
				DEVELOPMENT_TEAM = C2Y482MP9U;
				ENABLE_PREVIEWS = YES;
				GENERATE_INFOPLIST_FILE = YES;
				INFOPLIST_KEY_UIApplicationSceneManifest_Generation = YES;
				INFOPLIST_KEY_UIApplicationSupportsIndirectInputEvents = YES;
				INFOPLIST_KEY_UILaunchScreen_Generation = YES;
				INFOPLIST_KEY_UISupportedInterfaceOrientations = UIInterfaceOrientationPortrait;
				INFOPLIST_KEY_UISupportedInterfaceOrientations_iPad = "UIInterfaceOrientationPortrait UIInterfaceOrientationPortraitUpsideDown UIInterfaceOrientationLandscapeLeft UIInterfaceOrientationLandscapeRight";
				INFOPLIST_KEY_UISupportedInterfaceOrientations_iPhone = "UIInterfaceOrientationPortrait UIInterfaceOrientationLandscapeLeft UIInterfaceOrientationLandscapeRight";
				LD_RUNPATH_SEARCH_PATHS = (
					"$(inherited)",
					"@executable_path/Frameworks",
				);
				MARKETING_VERSION = 1.0;
				PRODUCT_BUNDLE_IDENTIFIER = "com.stefanocislaghi.UK-Covid-Data";
				PRODUCT_NAME = "$(TARGET_NAME)";
				SWIFT_EMIT_LOC_STRINGS = YES;
				SWIFT_VERSION = 5.0;
				TARGETED_DEVICE_FAMILY = 1;
			};
			name = Debug;
		};
		7B14C01D278B5764009D567D /* Release */ = {
			isa = XCBuildConfiguration;
			buildSettings = {
				ASSETCATALOG_COMPILER_APPICON_NAME = AppIcon;
				ASSETCATALOG_COMPILER_GLOBAL_ACCENT_COLOR_NAME = AccentColor;
				CODE_SIGN_STYLE = Automatic;
				CURRENT_PROJECT_VERSION = 1;
				DEVELOPMENT_ASSET_PATHS = "\"UK Covid Data/Preview Content\"";
				DEVELOPMENT_TEAM = C2Y482MP9U;
				ENABLE_PREVIEWS = YES;
				GENERATE_INFOPLIST_FILE = YES;
				INFOPLIST_KEY_UIApplicationSceneManifest_Generation = YES;
				INFOPLIST_KEY_UIApplicationSupportsIndirectInputEvents = YES;
				INFOPLIST_KEY_UILaunchScreen_Generation = YES;
				INFOPLIST_KEY_UISupportedInterfaceOrientations = UIInterfaceOrientationPortrait;
				INFOPLIST_KEY_UISupportedInterfaceOrientations_iPad = "UIInterfaceOrientationPortrait UIInterfaceOrientationPortraitUpsideDown UIInterfaceOrientationLandscapeLeft UIInterfaceOrientationLandscapeRight";
				INFOPLIST_KEY_UISupportedInterfaceOrientations_iPhone = "UIInterfaceOrientationPortrait UIInterfaceOrientationLandscapeLeft UIInterfaceOrientationLandscapeRight";
				LD_RUNPATH_SEARCH_PATHS = (
					"$(inherited)",
					"@executable_path/Frameworks",
				);
				MARKETING_VERSION = 1.0;
				PRODUCT_BUNDLE_IDENTIFIER = "com.stefanocislaghi.UK-Covid-Data";
				PRODUCT_NAME = "$(TARGET_NAME)";
				SWIFT_EMIT_LOC_STRINGS = YES;
				SWIFT_VERSION = 5.0;
				TARGETED_DEVICE_FAMILY = 1;
			};
			name = Release;
		};
/* End XCBuildConfiguration section */

/* Begin XCConfigurationList section */
		7B14C008278B5762009D567D /* Build configuration list for PBXProject "UK Covid Data" */ = {
			isa = XCConfigurationList;
			buildConfigurations = (
				7B14C019278B5764009D567D /* Debug */,
				7B14C01A278B5764009D567D /* Release */,
			);
			defaultConfigurationIsVisible = 0;
			defaultConfigurationName = Release;
		};
		7B14C01B278B5764009D567D /* Build configuration list for PBXNativeTarget "UK Covid Data" */ = {
			isa = XCConfigurationList;
			buildConfigurations = (
				7B14C01C278B5764009D567D /* Debug */,
				7B14C01D278B5764009D567D /* Release */,
			);
			defaultConfigurationIsVisible = 0;
			defaultConfigurationName = Release;
		};
/* End XCConfigurationList section */

/* Begin XCSwiftPackageProductDependency section */
		7BE7B602279C527500F66872 /* SwiftUICharts */ = {
			isa = XCSwiftPackageProductDependency;
			productName = SwiftUICharts;
		};
/* End XCSwiftPackageProductDependency section */
	};
	rootObject = 7B14C005278B5762009D567D /* Project object */;
}
